
Microsoft Visual Studio Solution File, Format Version 12.00
# Visual Studio Version 17
VisualStudioVersion = 17.5.33627.172
MinimumVisualStudioVersion = 10.0.40219.1
Project("{9A19103F-16F7-4668-BE54-9A1E7A4F7556}") = "Rhea", "Rhea\Rhea.csproj", "{95D6F7FD-8CC6-4438-B6B0-FFF337F9EE43}"
EndProject
Project("{9A19103F-16F7-4668-BE54-9A1E7A4F7556}") = "Rhea.DAL", "Rhea.DAL\Rhea.DAL.csproj", "{A50D6A50-2607-43EE-9411-ED49BDE479CD}"
EndProject
Project("{9A19103F-16F7-4668-BE54-9A1E7A4F7556}") = "Rhea.Entities", "Rhea.Entities\Rhea.Entities.csproj", "{E011C7E9-0ECC-4CC4-83D4-BE8845752087}"
EndProject
Project("{9A19103F-16F7-4668-BE54-9A1E7A4F7556}") = "Rhea.Interfaces", "Rhea.Interfaces\Rhea.Interfaces.csproj", "{18464166-4FAA-4160-844B-F3F3DA763ABF}"
EndProject
Project("{9A19103F-16F7-4668-BE54-9A1E7A4F7556}") = "Rhea.Persistance", "Rhea.Persistance\Rhea.Persistance.csproj", "{DA4C384F-CE12-4F4B-9FEF-6D11B2C2ACEB}"
EndProject
Project("{9A19103F-16F7-4668-BE54-9A1E7A4F7556}") = "Rhea.Domain", "Rhea.Domain\Rhea.Domain.csproj", "{7FBE101E-9C64-483B-966E-D64B61500441}"
EndProject
Project("{9A19103F-16F7-4668-BE54-9A1E7A4F7556}") = "Rhea.Service", "Rhea.Service\Rhea.Service.csproj", "{327C1509-24B3-4778-B298-D1B300CFFC1F}"
EndProject
Project("{FAE04EC0-301F-11D3-BF4B-00C04F79EFBC}") = "Rhea.NUnitTest", "Rhea.NUnitTest\Rhea.NUnitTest.csproj", "{9C92B862-2510-49AF-A65F-06B27E6AB1E7}"
EndProject
Global
	GlobalSection(SolutionConfigurationPlatforms) = preSolution
		Debug|Any CPU = Debug|Any CPU
		Release|Any CPU = Release|Any CPU
	EndGlobalSection
	GlobalSection(ProjectConfigurationPlatforms) = postSolution
		{95D6F7FD-8CC6-4438-B6B0-FFF337F9EE43}.Debug|Any CPU.ActiveCfg = Debug|Any CPU
		{95D6F7FD-8CC6-4438-B6B0-FFF337F9EE43}.Debug|Any CPU.Build.0 = Debug|Any CPU
		{95D6F7FD-8CC6-4438-B6B0-FFF337F9EE43}.Release|Any CPU.ActiveCfg = Release|Any CPU
		{95D6F7FD-8CC6-4438-B6B0-FFF337F9EE43}.Release|Any CPU.Build.0 = Release|Any CPU
		{A50D6A50-2607-43EE-9411-ED49BDE479CD}.Debug|Any CPU.ActiveCfg = Debug|Any CPU
		{A50D6A50-2607-43EE-9411-ED49BDE479CD}.Debug|Any CPU.Build.0 = Debug|Any CPU
		{A50D6A50-2607-43EE-9411-ED49BDE479CD}.Release|Any CPU.ActiveCfg = Release|Any CPU
		{A50D6A50-2607-43EE-9411-ED49BDE479CD}.Release|Any CPU.Build.0 = Release|Any CPU
		{E011C7E9-0ECC-4CC4-83D4-BE8845752087}.Debug|Any CPU.ActiveCfg = Debug|Any CPU
		{E011C7E9-0ECC-4CC4-83D4-BE8845752087}.Debug|Any CPU.Build.0 = Debug|Any CPU
		{E011C7E9-0ECC-4CC4-83D4-BE8845752087}.Release|Any CPU.ActiveCfg = Release|Any CPU
		{E011C7E9-0ECC-4CC4-83D4-BE8845752087}.Release|Any CPU.Build.0 = Release|Any CPU
		{18464166-4FAA-4160-844B-F3F3DA763ABF}.Debug|Any CPU.ActiveCfg = Debug|Any CPU
		{18464166-4FAA-4160-844B-F3F3DA763ABF}.Debug|Any CPU.Build.0 = Debug|Any CPU
		{18464166-4FAA-4160-844B-F3F3DA763ABF}.Release|Any CPU.ActiveCfg = Release|Any CPU
		{18464166-4FAA-4160-844B-F3F3DA763ABF}.Release|Any CPU.Build.0 = Release|Any CPU
		{DA4C384F-CE12-4F4B-9FEF-6D11B2C2ACEB}.Debug|Any CPU.ActiveCfg = Debug|Any CPU
		{DA4C384F-CE12-4F4B-9FEF-6D11B2C2ACEB}.Debug|Any CPU.Build.0 = Debug|Any CPU
		{DA4C384F-CE12-4F4B-9FEF-6D11B2C2ACEB}.Release|Any CPU.ActiveCfg = Release|Any CPU
		{DA4C384F-CE12-4F4B-9FEF-6D11B2C2ACEB}.Release|Any CPU.Build.0 = Release|Any CPU
		{7FBE101E-9C64-483B-966E-D64B61500441}.Debug|Any CPU.ActiveCfg = Debug|Any CPU
		{7FBE101E-9C64-483B-966E-D64B61500441}.Debug|Any CPU.Build.0 = Debug|Any CPU
		{7FBE101E-9C64-483B-966E-D64B61500441}.Release|Any CPU.ActiveCfg = Release|Any CPU
		{7FBE101E-9C64-483B-966E-D64B61500441}.Release|Any CPU.Build.0 = Release|Any CPU
		{327C1509-24B3-4778-B298-D1B300CFFC1F}.Debug|Any CPU.ActiveCfg = Debug|Any CPU
		{327C1509-24B3-4778-B298-D1B300CFFC1F}.Debug|Any CPU.Build.0 = Debug|Any CPU
		{327C1509-24B3-4778-B298-D1B300CFFC1F}.Release|Any CPU.ActiveCfg = Release|Any CPU
		{327C1509-24B3-4778-B298-D1B300CFFC1F}.Release|Any CPU.Build.0 = Release|Any CPU
		{9C92B862-2510-49AF-A65F-06B27E6AB1E7}.Debug|Any CPU.ActiveCfg = Debug|Any CPU
		{9C92B862-2510-49AF-A65F-06B27E6AB1E7}.Debug|Any CPU.Build.0 = Debug|Any CPU
		{9C92B862-2510-49AF-A65F-06B27E6AB1E7}.Release|Any CPU.ActiveCfg = Release|Any CPU
		{9C92B862-2510-49AF-A65F-06B27E6AB1E7}.Release|Any CPU.Build.0 = Release|Any CPU
	EndGlobalSection
	GlobalSection(SolutionProperties) = preSolution
		HideSolutionNode = FALSE
	EndGlobalSection
	GlobalSection(ExtensibilityGlobals) = postSolution
		SolutionGuid = {740C50FF-476B-4E5C-B574-01F655CAB35A}
	EndGlobalSection
EndGlobal
